
Microsoft Visual Studio Solution File, Format Version 12.00
# Visual Studio Version 17
VisualStudioVersion = 17.14.36408.4 d17.14
MinimumVisualStudioVersion = 10.0.40219.1
Project("{FAE04EC0-301F-11D3-BF4B-00C04F79EFBC}") = "InterdiscplinairProject", "InterdiscplinairProject.csproj", "{F37019DB-9D99-412E-8A62-8384FC7C31B5}"
EndProject
Global
	GlobalSection(SolutionConfigurationPlatforms) = preSolution
		Debug|Any CPU = Debug|Any CPU
		Release|Any CPU = Release|Any CPU
	EndGlobalSection
	GlobalSection(ProjectConfigurationPlatforms) = postSolution
		{F37019DB-9D99-412E-8A62-8384FC7C31B5}.Debug|Any CPU.ActiveCfg = Debug|Any CPU
		{F37019DB-9D99-412E-8A62-8384FC7C31B5}.Debug|Any CPU.Build.0 = Debug|Any CPU
		{F37019DB-9D99-412E-8A62-8384FC7C31B5}.Release|Any CPU.ActiveCfg = Release|Any CPU
		{F37019DB-9D99-412E-8A62-8384FC7C31B5}.Release|Any CPU.Build.0 = Release|Any CPU
	EndGlobalSection
	GlobalSection(SolutionProperties) = preSolution
		HideSolutionNode = FALSE
	EndGlobalSection
	GlobalSection(ExtensibilityGlobals) = postSolution
		SolutionGuid = {6427CDC8-7C90-448F-87B5-C30E8707E4E6}
	EndGlobalSection
EndGlobal
